// !$*UTF8*$!
{
	archiveVersion = 1;
	classes = {
	};
	objectVersion = 50;
	objects = {

/* Begin PBXBuildFile section */
		D0CED01125E07C610081E157 /* AppDelegate.swift in Sources */ = {isa = PBXBuildFile; fileRef = D0CED01025E07C610081E157 /* AppDelegate.swift */; };
		D0CED01325E07C610081E157 /* SceneDelegate.swift in Sources */ = {isa = PBXBuildFile; fileRef = D0CED01225E07C610081E157 /* SceneDelegate.swift */; };
		D0CED01525E07C610081E157 /* IntroViewController.swift in Sources */ = {isa = PBXBuildFile; fileRef = D0CED01425E07C610081E157 /* IntroViewController.swift */; };
		D0CED01825E07C610081E157 /* Main.storyboard in Resources */ = {isa = PBXBuildFile; fileRef = D0CED01625E07C610081E157 /* Main.storyboard */; };
		D0CED01A25E07C620081E157 /* Assets.xcassets in Resources */ = {isa = PBXBuildFile; fileRef = D0CED01925E07C620081E157 /* Assets.xcassets */; };
		D0CED01D25E07C620081E157 /* LaunchScreen.storyboard in Resources */ = {isa = PBXBuildFile; fileRef = D0CED01B25E07C620081E157 /* LaunchScreen.storyboard */; };
		D0CED02525E0821A0081E157 /* EnterViewController.swift in Sources */ = {isa = PBXBuildFile; fileRef = D0CED02425E0821A0081E157 /* EnterViewController.swift */; };
		D0CED02725E08C3C0081E157 /* FoodDetailsView.swift in Sources */ = {isa = PBXBuildFile; fileRef = D0CED02625E08C3C0081E157 /* FoodDetailsView.swift */; };
		D0CED02925E0B7030081E157 /* IdentifyMealRequest.swift in Sources */ = {isa = PBXBuildFile; fileRef = D0CED02825E0B7030081E157 /* IdentifyMealRequest.swift */; };
		D0CED02B25E0C1A40081E157 /* FoodLog.swift in Sources */ = {isa = PBXBuildFile; fileRef = D0CED02A25E0C1A40081E157 /* FoodLog.swift */; };
		D0CED02D25E0C8120081E157 /* LogViewController.swift in Sources */ = {isa = PBXBuildFile; fileRef = D0CED02C25E0C8120081E157 /* LogViewController.swift */; };
/* End PBXBuildFile section */

/* Begin PBXFileReference section */
		D0CED00D25E07C610081E157 /* snacktracker.app */ = {isa = PBXFileReference; explicitFileType = wrapper.application; includeInIndex = 0; path = snacktracker.app; sourceTree = BUILT_PRODUCTS_DIR; };
		D0CED01025E07C610081E157 /* AppDelegate.swift */ = {isa = PBXFileReference; lastKnownFileType = sourcecode.swift; path = AppDelegate.swift; sourceTree = "<group>"; };
		D0CED01225E07C610081E157 /* SceneDelegate.swift */ = {isa = PBXFileReference; lastKnownFileType = sourcecode.swift; path = SceneDelegate.swift; sourceTree = "<group>"; };
		D0CED01425E07C610081E157 /* IntroViewController.swift */ = {isa = PBXFileReference; lastKnownFileType = sourcecode.swift; path = IntroViewController.swift; sourceTree = "<group>"; };
		D0CED01725E07C610081E157 /* Base */ = {isa = PBXFileReference; lastKnownFileType = file.storyboard; name = Base; path = Base.lproj/Main.storyboard; sourceTree = "<group>"; };
		D0CED01925E07C620081E157 /* Assets.xcassets */ = {isa = PBXFileReference; lastKnownFileType = folder.assetcatalog; path = Assets.xcassets; sourceTree = "<group>"; };
		D0CED01C25E07C620081E157 /* Base */ = {isa = PBXFileReference; lastKnownFileType = file.storyboard; name = Base; path = Base.lproj/LaunchScreen.storyboard; sourceTree = "<group>"; };
		D0CED01E25E07C620081E157 /* Info.plist */ = {isa = PBXFileReference; lastKnownFileType = text.plist.xml; path = Info.plist; sourceTree = "<group>"; };
		D0CED02425E0821A0081E157 /* EnterViewController.swift */ = {isa = PBXFileReference; lastKnownFileType = sourcecode.swift; path = EnterViewController.swift; sourceTree = "<group>"; };
		D0CED02625E08C3C0081E157 /* FoodDetailsView.swift */ = {isa = PBXFileReference; lastKnownFileType = sourcecode.swift; path = FoodDetailsView.swift; sourceTree = "<group>"; };
		D0CED02825E0B7030081E157 /* IdentifyMealRequest.swift */ = {isa = PBXFileReference; lastKnownFileType = sourcecode.swift; path = IdentifyMealRequest.swift; sourceTree = "<group>"; };
		D0CED02A25E0C1A40081E157 /* FoodLog.swift */ = {isa = PBXFileReference; lastKnownFileType = sourcecode.swift; path = FoodLog.swift; sourceTree = "<group>"; };
		D0CED02C25E0C8120081E157 /* LogViewController.swift */ = {isa = PBXFileReference; lastKnownFileType = sourcecode.swift; path = LogViewController.swift; sourceTree = "<group>"; };
/* End PBXFileReference section */

/* Begin PBXFrameworksBuildPhase section */
		D0CED00A25E07C610081E157 /* Frameworks */ = {
			isa = PBXFrameworksBuildPhase;
			buildActionMask = 2147483647;
			files = (
			);
			runOnlyForDeploymentPostprocessing = 0;
		};
/* End PBXFrameworksBuildPhase section */

/* Begin PBXGroup section */
		D0CED00425E07C610081E157 = {
			isa = PBXGroup;
			children = (
				D0CED00F25E07C610081E157 /* snacktracker */,
				D0CED00E25E07C610081E157 /* Products */,
			);
			sourceTree = "<group>";
		};
		D0CED00E25E07C610081E157 /* Products */ = {
			isa = PBXGroup;
			children = (
				D0CED00D25E07C610081E157 /* snacktracker.app */,
			);
			name = Products;
			sourceTree = "<group>";
		};
		D0CED00F25E07C610081E157 /* snacktracker */ = {
			isa = PBXGroup;
			children = (
				D0CED01025E07C610081E157 /* AppDelegate.swift */,
				D0CED02825E0B7030081E157 /* IdentifyMealRequest.swift */,
				D0CED01225E07C610081E157 /* SceneDelegate.swift */,
				D0CED01425E07C610081E157 /* IntroViewController.swift */,
				D0CED02425E0821A0081E157 /* EnterViewController.swift */,
				D0CED02C25E0C8120081E157 /* LogViewController.swift */,
				D0CED02625E08C3C0081E157 /* FoodDetailsView.swift */,
				D0CED02A25E0C1A40081E157 /* FoodLog.swift */,
				D0CED01625E07C610081E157 /* Main.storyboard */,
				D0CED01925E07C620081E157 /* Assets.xcassets */,
				D0CED01B25E07C620081E157 /* LaunchScreen.storyboard */,
				D0CED01E25E07C620081E157 /* Info.plist */,
			);
			path = snacktracker;
			sourceTree = "<group>";
		};
/* End PBXGroup section */

/* Begin PBXNativeTarget section */
		D0CED00C25E07C610081E157 /* snacktracker */ = {
			isa = PBXNativeTarget;
			buildConfigurationList = D0CED02125E07C620081E157 /* Build configuration list for PBXNativeTarget "snacktracker" */;
			buildPhases = (
				D0CED00925E07C610081E157 /* Sources */,
				D0CED00A25E07C610081E157 /* Frameworks */,
				D0CED00B25E07C610081E157 /* Resources */,
			);
			buildRules = (
			);
			dependencies = (
			);
			name = snacktracker;
			productName = snacktracker;
			productReference = D0CED00D25E07C610081E157 /* snacktracker.app */;
			productType = "com.apple.product-type.application";
		};
/* End PBXNativeTarget section */

/* Begin PBXProject section */
		D0CED00525E07C610081E157 /* Project object */ = {
			isa = PBXProject;
			attributes = {
				LastSwiftUpdateCheck = 1130;
				LastUpgradeCheck = 1130;
				ORGANIZATIONNAME = "Justin Brady";
				TargetAttributes = {
					D0CED00C25E07C610081E157 = {
						CreatedOnToolsVersion = 11.3.1;
					};
				};
			};
			buildConfigurationList = D0CED00825E07C610081E157 /* Build configuration list for PBXProject "snacktracker" */;
			compatibilityVersion = "Xcode 9.3";
			developmentRegion = en;
			hasScannedForEncodings = 0;
			knownRegions = (
				en,
				Base,
			);
			mainGroup = D0CED00425E07C610081E157;
			productRefGroup = D0CED00E25E07C610081E157 /* Products */;
			projectDirPath = "";
			projectRoot = "";
			targets = (
				D0CED00C25E07C610081E157 /* snacktracker */,
			);
		};
/* End PBXProject section */

/* Begin PBXResourcesBuildPhase section */
		D0CED00B25E07C610081E157 /* Resources */ = {
			isa = PBXResourcesBuildPhase;
			buildActionMask = 2147483647;
			files = (
				D0CED01D25E07C620081E157 /* LaunchScreen.storyboard in Resources */,
				D0CED01A25E07C620081E157 /* Assets.xcassets in Resources */,
				D0CED01825E07C610081E157 /* Main.storyboard in Resources */,
			);
			runOnlyForDeploymentPostprocessing = 0;
		};
/* End PBXResourcesBuildPhase section */

/* Begin PBXSourcesBuildPhase section */
		D0CED00925E07C610081E157 /* Sources */ = {
			isa = PBXSourcesBuildPhase;
			buildActionMask = 2147483647;
			files = (
				D0CED02B25E0C1A40081E157 /* FoodLog.swift in Sources */,
				D0CED01525E07C610081E157 /* IntroViewController.swift in Sources */,
				D0CED02525E0821A0081E157 /* EnterViewController.swift in Sources */,
				D0CED02D25E0C8120081E157 /* LogViewController.swift in Sources */,
				D0CED02725E08C3C0081E157 /* FoodDetailsView.swift in Sources */,
				D0CED01125E07C610081E157 /* AppDelegate.swift in Sources */,
				D0CED02925E0B7030081E157 /* IdentifyMealRequest.swift in Sources */,
				D0CED01325E07C610081E157 /* SceneDelegate.swift in Sources */,
			);
			runOnlyForDeploymentPostprocessing = 0;
		};
/* End PBXSourcesBuildPhase section */

/* Begin PBXVariantGroup section */
		D0CED01625E07C610081E157 /* Main.storyboard */ = {
			isa = PBXVariantGroup;
			children = (
				D0CED01725E07C610081E157 /* Base */,
			);
			name = Main.storyboard;
			sourceTree = "<group>";
		};
		D0CED01B25E07C620081E157 /* LaunchScreen.storyboard */ = {
			isa = PBXVariantGroup;
			children = (
				D0CED01C25E07C620081E157 /* Base */,
			);
			name = LaunchScreen.storyboard;
			sourceTree = "<group>";
		};
/* End PBXVariantGroup section */

/* Begin XCBuildConfiguration section */
		D0CED01F25E07C620081E157 /* Debug */ = {
			isa = XCBuildConfiguration;
			buildSettings = {
				ALWAYS_SEARCH_USER_PATHS = NO;
				CLANG_ANALYZER_NONNULL = YES;
				CLANG_ANALYZER_NUMBER_OBJECT_CONVERSION = YES_AGGRESSIVE;
				CLANG_CXX_LANGUAGE_STANDARD = "gnu++14";
				CLANG_CXX_LIBRARY = "libc++";
				CLANG_ENABLE_MODULES = YES;
				CLANG_ENABLE_OBJC_ARC = YES;
				CLANG_ENABLE_OBJC_WEAK = YES;
				CLANG_WARN_BLOCK_CAPTURE_AUTORELEASING = YES;
				CLANG_WARN_BOOL_CONVERSION = YES;
				CLANG_WARN_COMMA = YES;
				CLANG_WARN_CONSTANT_CONVERSION = YES;
				CLANG_WARN_DEPRECATED_OBJC_IMPLEMENTATIONS = YES;
				CLANG_WARN_DIRECT_OBJC_ISA_USAGE = YES_ERROR;
				CLANG_WARN_DOCUMENTATION_COMMENTS = YES;
				CLANG_WARN_EMPTY_BODY = YES;
				CLANG_WARN_ENUM_CONVERSION = YES;
				CLANG_WARN_INFINITE_RECURSION = YES;
				CLANG_WARN_INT_CONVERSION = YES;
				CLANG_WARN_NON_LITERAL_NULL_CONVERSION = YES;
				CLANG_WARN_OBJC_IMPLICIT_RETAIN_SELF = YES;
				CLANG_WARN_OBJC_LITERAL_CONVERSION = YES;
				CLANG_WARN_OBJC_ROOT_CLASS = YES_ERROR;
				CLANG_WARN_RANGE_LOOP_ANALYSIS = YES;
				CLANG_WARN_STRICT_PROTOTYPES = YES;
				CLANG_WARN_SUSPICIOUS_MOVE = YES;
				CLANG_WARN_UNGUARDED_AVAILABILITY = YES_AGGRESSIVE;
				CLANG_WARN_UNREACHABLE_CODE = YES;
				CLANG_WARN__DUPLICATE_METHOD_MATCH = YES;
				COPY_PHASE_STRIP = NO;
				DEBUG_INFORMATION_FORMAT = dwarf;
				ENABLE_STRICT_OBJC_MSGSEND = YES;
				ENABLE_TESTABILITY = YES;
				GCC_C_LANGUAGE_STANDARD = gnu11;
				GCC_DYNAMIC_NO_PIC = NO;
				GCC_NO_COMMON_BLOCKS = YES;
				GCC_OPTIMIZATION_LEVEL = 0;
				GCC_PREPROCESSOR_DEFINITIONS = (
					"DEBUG=1",
					"$(inherited)",
				);
				GCC_WARN_64_TO_32_BIT_CONVERSION = YES;
				GCC_WARN_ABOUT_RETURN_TYPE = YES_ERROR;
				GCC_WARN_UNDECLARED_SELECTOR = YES;
				GCC_WARN_UNINITIALIZED_AUTOS = YES_AGGRESSIVE;
				GCC_WARN_UNUSED_FUNCTION = YES;
				GCC_WARN_UNUSED_VARIABLE = YES;
				IPHONEOS_DEPLOYMENT_TARGET = 13.2;
				MTL_ENABLE_DEBUG_INFO = INCLUDE_SOURCE;
				MTL_FAST_MATH = YES;
				ONLY_ACTIVE_ARCH = YES;
				SDKROOT = iphoneos;
				SWIFT_ACTIVE_COMPILATION_CONDITIONS = DEBUG;
				SWIFT_OPTIMIZATION_LEVEL = "-Onone";
			};
			name = Debug;
		};
		D0CED02025E07C620081E157 /* Release */ = {
			isa = XCBuildConfiguration;
			buildSettings = {
				ALWAYS_SEARCH_USER_PATHS = NO;
				CLANG_ANALYZER_NONNULL = YES;
				CLANG_ANALYZER_NUMBER_OBJECT_CONVERSION = YES_AGGRESSIVE;
				CLANG_CXX_LANGUAGE_STANDARD = "gnu++14";
				CLANG_CXX_LIBRARY = "libc++";
				CLANG_ENABLE_MODULES = YES;
				CLANG_ENABLE_OBJC_ARC = YES;
				CLANG_ENABLE_OBJC_WEAK = YES;
				CLANG_WARN_BLOCK_CAPTURE_AUTORELEASING = YES;
				CLANG_WARN_BOOL_CONVERSION = YES;
				CLANG_WARN_COMMA = YES;
				CLANG_WARN_CONSTANT_CONVERSION = YES;
				CLANG_WARN_DEPRECATED_OBJC_IMPLEMENTATIONS = YES;
				CLANG_WARN_DIRECT_OBJC_ISA_USAGE = YES_ERROR;
				CLANG_WARN_DOCUMENTATION_COMMENTS = YES;
				CLANG_WARN_EMPTY_BODY = YES;
				CLANG_WARN_ENUM_CONVERSION = YES;
				CLANG_WARN_INFINITE_RECURSION = YES;
				CLANG_WARN_INT_CONVERSION = YES;
				CLANG_WARN_NON_LITERAL_NULL_CONVERSION = YES;
				CLANG_WARN_OBJC_IMPLICIT_RETAIN_SELF = YES;
				CLANG_WARN_OBJC_LITERAL_CONVERSION = YES;
				CLANG_WARN_OBJC_ROOT_CLASS = YES_ERROR;
				CLANG_WARN_RANGE_LOOP_ANALYSIS = YES;
				CLANG_WARN_STRICT_PROTOTYPES = YES;
				CLANG_WARN_SUSPICIOUS_MOVE = YES;
				CLANG_WARN_UNGUARDED_AVAILABILITY = YES_AGGRESSIVE;
				CLANG_WARN_UNREACHABLE_CODE = YES;
				CLANG_WARN__DUPLICATE_METHOD_MATCH = YES;
				COPY_PHASE_STRIP = NO;
				DEBUG_INFORMATION_FORMAT = "dwarf-with-dsym";
				ENABLE_NS_ASSERTIONS = NO;
				ENABLE_STRICT_OBJC_MSGSEND = YES;
				GCC_C_LANGUAGE_STANDARD = gnu11;
				GCC_NO_COMMON_BLOCKS = YES;
				GCC_WARN_64_TO_32_BIT_CONVERSION = YES;
				GCC_WARN_ABOUT_RETURN_TYPE = YES_ERROR;
				GCC_WARN_UNDECLARED_SELECTOR = YES;
				GCC_WARN_UNINITIALIZED_AUTOS = YES_AGGRESSIVE;
				GCC_WARN_UNUSED_FUNCTION = YES;
				GCC_WARN_UNUSED_VARIABLE = YES;
				IPHONEOS_DEPLOYMENT_TARGET = 13.2;
				MTL_ENABLE_DEBUG_INFO = NO;
				MTL_FAST_MATH = YES;
				SDKROOT = iphoneos;
				SWIFT_COMPILATION_MODE = wholemodule;
				SWIFT_OPTIMIZATION_LEVEL = "-O";
				VALIDATE_PRODUCT = YES;
			};
			name = Release;
		};
		D0CED02225E07C620081E157 /* Debug */ = {
			isa = XCBuildConfiguration;
			buildSettings = {
				ASSETCATALOG_COMPILER_APPICON_NAME = AppIcon;
				CODE_SIGN_STYLE = Automatic;
				DEVELOPMENT_TEAM = ZQVH66AQJ9;
				INFOPLIST_FILE = snacktracker/Info.plist;
				LD_RUNPATH_SEARCH_PATHS = (
					"$(inherited)",
					"@executable_path/Frameworks",
				);
				PRODUCT_BUNDLE_IDENTIFIER = com.domain17.snacktracker.snacktracker;
				PRODUCT_NAME = "$(TARGET_NAME)";
				SWIFT_VERSION = 5.0;
				TARGETED_DEVICE_FAMILY = "1,2";
			};
			name = Debug;
		};
		D0CED02325E07C620081E157 /* Release */ = {
			isa = XCBuildConfiguration;
			buildSettings = {
				ASSETCATALOG_COMPILER_APPICON_NAME = AppIcon;
				CODE_SIGN_STYLE = Automatic;
				DEVELOPMENT_TEAM = ZQVH66AQJ9;
				INFOPLIST_FILE = snacktracker/Info.plist;
				LD_RUNPATH_SEARCH_PATHS = (
					"$(inherited)",
					"@executable_path/Frameworks",
				);
				PRODUCT_BUNDLE_IDENTIFIER = com.domain17.snacktracker.snacktracker;
				PRODUCT_NAME = "$(TARGET_NAME)";
				SWIFT_VERSION = 5.0;
				TARGETED_DEVICE_FAMILY = "1,2";
			};
			name = Release;
		};
/* End XCBuildConfiguration section */

/* Begin XCConfigurationList section */
		D0CED00825E07C610081E157 /* Build configuration list for PBXProject "snacktracker" */ = {
			isa = XCConfigurationList;
			buildConfigurations = (
				D0CED01F25E07C620081E157 /* Debug */,
				D0CED02025E07C620081E157 /* Release */,
			);
			defaultConfigurationIsVisible = 0;
			defaultConfigurationName = Release;
		};
		D0CED02125E07C620081E157 /* Build configuration list for PBXNativeTarget "snacktracker" */ = {
			isa = XCConfigurationList;
			buildConfigurations = (
				D0CED02225E07C620081E157 /* Debug */,
				D0CED02325E07C620081E157 /* Release */,
			);
			defaultConfigurationIsVisible = 0;
			defaultConfigurationName = Release;
		};
/* End XCConfigurationList section */
	};
	rootObject = D0CED00525E07C610081E157 /* Project object */;
}
